// !$*UTF8*$!
{
	archiveVersion = 1;
	classes = {
	};
	objectVersion = 50;
	objects = {

/* Begin PBXBuildFile section */
		6B78461022E0825300058B60 /* AppDelegate.swift in Sources */ = {isa = PBXBuildFile; fileRef = 6B78460F22E0825300058B60 /* AppDelegate.swift */; };
		6B78461222E0825300058B60 /* ViewController.swift in Sources */ = {isa = PBXBuildFile; fileRef = 6B78461122E0825300058B60 /* ViewController.swift */; };
		6B78461522E0825300058B60 /* Main.storyboard in Resources */ = {isa = PBXBuildFile; fileRef = 6B78461322E0825300058B60 /* Main.storyboard */; };
		6B78461822E0825300058B60 /* ViperModules.xcdatamodeld in Sources */ = {isa = PBXBuildFile; fileRef = 6B78461622E0825300058B60 /* ViperModules.xcdatamodeld */; };
		6B78461A22E0825400058B60 /* Assets.xcassets in Resources */ = {isa = PBXBuildFile; fileRef = 6B78461922E0825400058B60 /* Assets.xcassets */; };
		6B78461D22E0825400058B60 /* LaunchScreen.storyboard in Resources */ = {isa = PBXBuildFile; fileRef = 6B78461B22E0825400058B60 /* LaunchScreen.storyboard */; };
		6B78462822E0825400058B60 /* ViperModulesTests.swift in Sources */ = {isa = PBXBuildFile; fileRef = 6B78462722E0825400058B60 /* ViperModulesTests.swift */; };
		6B78463322E0825400058B60 /* ViperModulesUITests.swift in Sources */ = {isa = PBXBuildFile; fileRef = 6B78463222E0825400058B60 /* ViperModulesUITests.swift */; };
/* End PBXBuildFile section */

/* Begin PBXContainerItemProxy section */
		6B78462422E0825400058B60 /* PBXContainerItemProxy */ = {
			isa = PBXContainerItemProxy;
			containerPortal = 6B78460422E0825300058B60 /* Project object */;
			proxyType = 1;
			remoteGlobalIDString = 6B78460B22E0825300058B60;
			remoteInfo = ViperModules;
		};
		6B78462F22E0825400058B60 /* PBXContainerItemProxy */ = {
			isa = PBXContainerItemProxy;
			containerPortal = 6B78460422E0825300058B60 /* Project object */;
			proxyType = 1;
			remoteGlobalIDString = 6B78460B22E0825300058B60;
			remoteInfo = ViperModules;
		};
/* End PBXContainerItemProxy section */

/* Begin PBXFileReference section */
		6B78460C22E0825300058B60 /* ViperModules.app */ = {isa = PBXFileReference; explicitFileType = wrapper.application; includeInIndex = 0; path = ViperModules.app; sourceTree = BUILT_PRODUCTS_DIR; };
		6B78460F22E0825300058B60 /* AppDelegate.swift */ = {isa = PBXFileReference; lastKnownFileType = sourcecode.swift; path = AppDelegate.swift; sourceTree = "<group>"; };
		6B78461122E0825300058B60 /* ViewController.swift */ = {isa = PBXFileReference; lastKnownFileType = sourcecode.swift; path = ViewController.swift; sourceTree = "<group>"; };
		6B78461422E0825300058B60 /* Base */ = {isa = PBXFileReference; lastKnownFileType = file.storyboard; name = Base; path = Base.lproj/Main.storyboard; sourceTree = "<group>"; };
		6B78461722E0825300058B60 /* ViperModules.xcdatamodel */ = {isa = PBXFileReference; lastKnownFileType = wrapper.xcdatamodel; path = ViperModules.xcdatamodel; sourceTree = "<group>"; };
		6B78461922E0825400058B60 /* Assets.xcassets */ = {isa = PBXFileReference; lastKnownFileType = folder.assetcatalog; path = Assets.xcassets; sourceTree = "<group>"; };
		6B78461C22E0825400058B60 /* Base */ = {isa = PBXFileReference; lastKnownFileType = file.storyboard; name = Base; path = Base.lproj/LaunchScreen.storyboard; sourceTree = "<group>"; };
		6B78461E22E0825400058B60 /* Info.plist */ = {isa = PBXFileReference; lastKnownFileType = text.plist.xml; path = Info.plist; sourceTree = "<group>"; };
		6B78462322E0825400058B60 /* ViperModulesTests.xctest */ = {isa = PBXFileReference; explicitFileType = wrapper.cfbundle; includeInIndex = 0; path = ViperModulesTests.xctest; sourceTree = BUILT_PRODUCTS_DIR; };
		6B78462722E0825400058B60 /* ViperModulesTests.swift */ = {isa = PBXFileReference; lastKnownFileType = sourcecode.swift; path = ViperModulesTests.swift; sourceTree = "<group>"; };
		6B78462922E0825400058B60 /* Info.plist */ = {isa = PBXFileReference; lastKnownFileType = text.plist.xml; path = Info.plist; sourceTree = "<group>"; };
		6B78462E22E0825400058B60 /* ViperModulesUITests.xctest */ = {isa = PBXFileReference; explicitFileType = wrapper.cfbundle; includeInIndex = 0; path = ViperModulesUITests.xctest; sourceTree = BUILT_PRODUCTS_DIR; };
		6B78463222E0825400058B60 /* ViperModulesUITests.swift */ = {isa = PBXFileReference; lastKnownFileType = sourcecode.swift; path = ViperModulesUITests.swift; sourceTree = "<group>"; };
		6B78463422E0825400058B60 /* Info.plist */ = {isa = PBXFileReference; lastKnownFileType = text.plist.xml; path = Info.plist; sourceTree = "<group>"; };
/* End PBXFileReference section */

/* Begin PBXFrameworksBuildPhase section */
		6B78460922E0825300058B60 /* Frameworks */ = {
			isa = PBXFrameworksBuildPhase;
			buildActionMask = 2147483647;
			files = (
			);
			runOnlyForDeploymentPostprocessing = 0;
		};
		6B78462022E0825400058B60 /* Frameworks */ = {
			isa = PBXFrameworksBuildPhase;
			buildActionMask = 2147483647;
			files = (
			);
			runOnlyForDeploymentPostprocessing = 0;
		};
		6B78462B22E0825400058B60 /* Frameworks */ = {
			isa = PBXFrameworksBuildPhase;
			buildActionMask = 2147483647;
			files = (
			);
			runOnlyForDeploymentPostprocessing = 0;
		};
/* End PBXFrameworksBuildPhase section */

/* Begin PBXGroup section */
		6B78460322E0825300058B60 = {
			isa = PBXGroup;
			children = (
				6B78460E22E0825300058B60 /* ViperModules */,
				6B78462622E0825400058B60 /* ViperModulesTests */,
				6B78463122E0825400058B60 /* ViperModulesUITests */,
				6B78460D22E0825300058B60 /* Products */,
			);
			sourceTree = "<group>";
		};
		6B78460D22E0825300058B60 /* Products */ = {
			isa = PBXGroup;
			children = (
				6B78460C22E0825300058B60 /* ViperModules.app */,
				6B78462322E0825400058B60 /* ViperModulesTests.xctest */,
				6B78462E22E0825400058B60 /* ViperModulesUITests.xctest */,
			);
			name = Products;
			sourceTree = "<group>";
		};
		6B78460E22E0825300058B60 /* ViperModules */ = {
			isa = PBXGroup;
			children = (
				6B78460F22E0825300058B60 /* AppDelegate.swift */,
				6B78461122E0825300058B60 /* ViewController.swift */,
				6B78461322E0825300058B60 /* Main.storyboard */,
				6B78461922E0825400058B60 /* Assets.xcassets */,
				6B78461B22E0825400058B60 /* LaunchScreen.storyboard */,
				6B78461E22E0825400058B60 /* Info.plist */,
				6B78461622E0825300058B60 /* ViperModules.xcdatamodeld */,
			);
			path = ViperModules;
			sourceTree = "<group>";
		};
		6B78462622E0825400058B60 /* ViperModulesTests */ = {
			isa = PBXGroup;
			children = (
				6B78462722E0825400058B60 /* ViperModulesTests.swift */,
				6B78462922E0825400058B60 /* Info.plist */,
			);
			path = ViperModulesTests;
			sourceTree = "<group>";
		};
		6B78463122E0825400058B60 /* ViperModulesUITests */ = {
			isa = PBXGroup;
			children = (
				6B78463222E0825400058B60 /* ViperModulesUITests.swift */,
				6B78463422E0825400058B60 /* Info.plist */,
			);
			path = ViperModulesUITests;
			sourceTree = "<group>";
		};
/* End PBXGroup section */

/* Begin PBXNativeTarget section */
		6B78460B22E0825300058B60 /* ViperModules */ = {
			isa = PBXNativeTarget;
			buildConfigurationList = 6B78463722E0825400058B60 /* Build configuration list for PBXNativeTarget "ViperModules" */;
			buildPhases = (
				6B78460822E0825300058B60 /* Sources */,
				6B78460922E0825300058B60 /* Frameworks */,
				6B78460A22E0825300058B60 /* Resources */,
			);
			buildRules = (
			);
			dependencies = (
			);
			name = ViperModules;
			productName = ViperModules;
			productReference = 6B78460C22E0825300058B60 /* ViperModules.app */;
			productType = "com.apple.product-type.application";
		};
		6B78462222E0825400058B60 /* ViperModulesTests */ = {
			isa = PBXNativeTarget;
			buildConfigurationList = 6B78463A22E0825400058B60 /* Build configuration list for PBXNativeTarget "ViperModulesTests" */;
			buildPhases = (
				6B78461F22E0825400058B60 /* Sources */,
				6B78462022E0825400058B60 /* Frameworks */,
				6B78462122E0825400058B60 /* Resources */,
			);
			buildRules = (
			);
			dependencies = (
				6B78462522E0825400058B60 /* PBXTargetDependency */,
			);
			name = ViperModulesTests;
			productName = ViperModulesTests;
			productReference = 6B78462322E0825400058B60 /* ViperModulesTests.xctest */;
			productType = "com.apple.product-type.bundle.unit-test";
		};
		6B78462D22E0825400058B60 /* ViperModulesUITests */ = {
			isa = PBXNativeTarget;
			buildConfigurationList = 6B78463D22E0825400058B60 /* Build configuration list for PBXNativeTarget "ViperModulesUITests" */;
			buildPhases = (
				6B78462A22E0825400058B60 /* Sources */,
				6B78462B22E0825400058B60 /* Frameworks */,
				6B78462C22E0825400058B60 /* Resources */,
			);
			buildRules = (
			);
			dependencies = (
				6B78463022E0825400058B60 /* PBXTargetDependency */,
			);
			name = ViperModulesUITests;
			productName = ViperModulesUITests;
			productReference = 6B78462E22E0825400058B60 /* ViperModulesUITests.xctest */;
			productType = "com.apple.product-type.bundle.ui-testing";
		};
/* End PBXNativeTarget section */

/* Begin PBXProject section */
		6B78460422E0825300058B60 /* Project object */ = {
			isa = PBXProject;
			attributes = {
				LastSwiftUpdateCheck = 1020;
				LastUpgradeCheck = 1020;
				ORGANIZATIONNAME = "Aashish Adhikari";
				TargetAttributes = {
					6B78460B22E0825300058B60 = {
						CreatedOnToolsVersion = 10.2;
					};
					6B78462222E0825400058B60 = {
						CreatedOnToolsVersion = 10.2;
						TestTargetID = 6B78460B22E0825300058B60;
					};
					6B78462D22E0825400058B60 = {
						CreatedOnToolsVersion = 10.2;
						TestTargetID = 6B78460B22E0825300058B60;
					};
				};
			};
			buildConfigurationList = 6B78460722E0825300058B60 /* Build configuration list for PBXProject "ViperModules" */;
			compatibilityVersion = "Xcode 9.3";
			developmentRegion = en;
			hasScannedForEncodings = 0;
			knownRegions = (
				en,
				Base,
			);
			mainGroup = 6B78460322E0825300058B60;
			productRefGroup = 6B78460D22E0825300058B60 /* Products */;
			projectDirPath = "";
			projectRoot = "";
			targets = (
				6B78460B22E0825300058B60 /* ViperModules */,
				6B78462222E0825400058B60 /* ViperModulesTests */,
				6B78462D22E0825400058B60 /* ViperModulesUITests */,
			);
		};
/* End PBXProject section */

/* Begin PBXResourcesBuildPhase section */
		6B78460A22E0825300058B60 /* Resources */ = {
			isa = PBXResourcesBuildPhase;
			buildActionMask = 2147483647;
			files = (
				6B78461D22E0825400058B60 /* LaunchScreen.storyboard in Resources */,
				6B78461A22E0825400058B60 /* Assets.xcassets in Resources */,
				6B78461522E0825300058B60 /* Main.storyboard in Resources */,
			);
			runOnlyForDeploymentPostprocessing = 0;
		};
		6B78462122E0825400058B60 /* Resources */ = {
			isa = PBXResourcesBuildPhase;
			buildActionMask = 2147483647;
			files = (
			);
			runOnlyForDeploymentPostprocessing = 0;
		};
		6B78462C22E0825400058B60 /* Resources */ = {
			isa = PBXResourcesBuildPhase;
			buildActionMask = 2147483647;
			files = (
			);
			runOnlyForDeploymentPostprocessing = 0;
		};
/* End PBXResourcesBuildPhase section */

/* Begin PBXSourcesBuildPhase section */
		6B78460822E0825300058B60 /* Sources */ = {
			isa = PBXSourcesBuildPhase;
			buildActionMask = 2147483647;
			files = (
				6B78461222E0825300058B60 /* ViewController.swift in Sources */,
				6B78461822E0825300058B60 /* ViperModules.xcdatamodeld in Sources */,
				6B78461022E0825300058B60 /* AppDelegate.swift in Sources */,
			);
			runOnlyForDeploymentPostprocessing = 0;
		};
		6B78461F22E0825400058B60 /* Sources */ = {
			isa = PBXSourcesBuildPhase;
			buildActionMask = 2147483647;
			files = (
				6B78462822E0825400058B60 /* ViperModulesTests.swift in Sources */,
			);
			runOnlyForDeploymentPostprocessing = 0;
		};
		6B78462A22E0825400058B60 /* Sources */ = {
			isa = PBXSourcesBuildPhase;
			buildActionMask = 2147483647;
			files = (
				6B78463322E0825400058B60 /* ViperModulesUITests.swift in Sources */,
			);
			runOnlyForDeploymentPostprocessing = 0;
		};
/* End PBXSourcesBuildPhase section */

/* Begin PBXTargetDependency section */
		6B78462522E0825400058B60 /* PBXTargetDependency */ = {
			isa = PBXTargetDependency;
			target = 6B78460B22E0825300058B60 /* ViperModules */;
			targetProxy = 6B78462422E0825400058B60 /* PBXContainerItemProxy */;
		};
		6B78463022E0825400058B60 /* PBXTargetDependency */ = {
			isa = PBXTargetDependency;
			target = 6B78460B22E0825300058B60 /* ViperModules */;
			targetProxy = 6B78462F22E0825400058B60 /* PBXContainerItemProxy */;
		};
/* End PBXTargetDependency section */

/* Begin PBXVariantGroup section */
		6B78461322E0825300058B60 /* Main.storyboard */ = {
			isa = PBXVariantGroup;
			children = (
				6B78461422E0825300058B60 /* Base */,
			);
			name = Main.storyboard;
			sourceTree = "<group>";
		};
		6B78461B22E0825400058B60 /* LaunchScreen.storyboard */ = {
			isa = PBXVariantGroup;
			children = (
				6B78461C22E0825400058B60 /* Base */,
			);
			name = LaunchScreen.storyboard;
			sourceTree = "<group>";
		};
/* End PBXVariantGroup section */

/* Begin XCBuildConfiguration section */
		6B78463522E0825400058B60 /* Debug */ = {
			isa = XCBuildConfiguration;
			buildSettings = {
				ALWAYS_SEARCH_USER_PATHS = NO;
				CLANG_ANALYZER_NONNULL = YES;
				CLANG_ANALYZER_NUMBER_OBJECT_CONVERSION = YES_AGGRESSIVE;
				CLANG_CXX_LANGUAGE_STANDARD = "gnu++14";
				CLANG_CXX_LIBRARY = "libc++";
				CLANG_ENABLE_MODULES = YES;
				CLANG_ENABLE_OBJC_ARC = YES;
				CLANG_ENABLE_OBJC_WEAK = YES;
				CLANG_WARN_BLOCK_CAPTURE_AUTORELEASING = YES;
				CLANG_WARN_BOOL_CONVERSION = YES;
				CLANG_WARN_COMMA = YES;
				CLANG_WARN_CONSTANT_CONVERSION = YES;
				CLANG_WARN_DEPRECATED_OBJC_IMPLEMENTATIONS = YES;
				CLANG_WARN_DIRECT_OBJC_ISA_USAGE = YES_ERROR;
				CLANG_WARN_DOCUMENTATION_COMMENTS = YES;
				CLANG_WARN_EMPTY_BODY = YES;
				CLANG_WARN_ENUM_CONVERSION = YES;
				CLANG_WARN_INFINITE_RECURSION = YES;
				CLANG_WARN_INT_CONVERSION = YES;
				CLANG_WARN_NON_LITERAL_NULL_CONVERSION = YES;
				CLANG_WARN_OBJC_IMPLICIT_RETAIN_SELF = YES;
				CLANG_WARN_OBJC_LITERAL_CONVERSION = YES;
				CLANG_WARN_OBJC_ROOT_CLASS = YES_ERROR;
				CLANG_WARN_RANGE_LOOP_ANALYSIS = YES;
				CLANG_WARN_STRICT_PROTOTYPES = YES;
				CLANG_WARN_SUSPICIOUS_MOVE = YES;
				CLANG_WARN_UNGUARDED_AVAILABILITY = YES_AGGRESSIVE;
				CLANG_WARN_UNREACHABLE_CODE = YES;
				CLANG_WARN__DUPLICATE_METHOD_MATCH = YES;
				CODE_SIGN_IDENTITY = "iPhone Developer";
				COPY_PHASE_STRIP = NO;
				DEBUG_INFORMATION_FORMAT = dwarf;
				ENABLE_STRICT_OBJC_MSGSEND = YES;
				ENABLE_TESTABILITY = YES;
				GCC_C_LANGUAGE_STANDARD = gnu11;
				GCC_DYNAMIC_NO_PIC = NO;
				GCC_NO_COMMON_BLOCKS = YES;
				GCC_OPTIMIZATION_LEVEL = 0;
				GCC_PREPROCESSOR_DEFINITIONS = (
					"DEBUG=1",
					"$(inherited)",
				);
				GCC_WARN_64_TO_32_BIT_CONVERSION = YES;
				GCC_WARN_ABOUT_RETURN_TYPE = YES_ERROR;
				GCC_WARN_UNDECLARED_SELECTOR = YES;
				GCC_WARN_UNINITIALIZED_AUTOS = YES_AGGRESSIVE;
				GCC_WARN_UNUSED_FUNCTION = YES;
				GCC_WARN_UNUSED_VARIABLE = YES;
				IPHONEOS_DEPLOYMENT_TARGET = 12.2;
				MTL_ENABLE_DEBUG_INFO = INCLUDE_SOURCE;
				MTL_FAST_MATH = YES;
				ONLY_ACTIVE_ARCH = YES;
				SDKROOT = iphoneos;
				SWIFT_ACTIVE_COMPILATION_CONDITIONS = DEBUG;
				SWIFT_OPTIMIZATION_LEVEL = "-Onone";
			};
			name = Debug;
		};
		6B78463622E0825400058B60 /* Release */ = {
			isa = XCBuildConfiguration;
			buildSettings = {
				ALWAYS_SEARCH_USER_PATHS = NO;
				CLANG_ANALYZER_NONNULL = YES;
				CLANG_ANALYZER_NUMBER_OBJECT_CONVERSION = YES_AGGRESSIVE;
				CLANG_CXX_LANGUAGE_STANDARD = "gnu++14";
				CLANG_CXX_LIBRARY = "libc++";
				CLANG_ENABLE_MODULES = YES;
				CLANG_ENABLE_OBJC_ARC = YES;
				CLANG_ENABLE_OBJC_WEAK = YES;
				CLANG_WARN_BLOCK_CAPTURE_AUTORELEASING = YES;
				CLANG_WARN_BOOL_CONVERSION = YES;
				CLANG_WARN_COMMA = YES;
				CLANG_WARN_CONSTANT_CONVERSION = YES;
				CLANG_WARN_DEPRECATED_OBJC_IMPLEMENTATIONS = YES;
				CLANG_WARN_DIRECT_OBJC_ISA_USAGE = YES_ERROR;
				CLANG_WARN_DOCUMENTATION_COMMENTS = YES;
				CLANG_WARN_EMPTY_BODY = YES;
				CLANG_WARN_ENUM_CONVERSION = YES;
				CLANG_WARN_INFINITE_RECURSION = YES;
				CLANG_WARN_INT_CONVERSION = YES;
				CLANG_WARN_NON_LITERAL_NULL_CONVERSION = YES;
				CLANG_WARN_OBJC_IMPLICIT_RETAIN_SELF = YES;
				CLANG_WARN_OBJC_LITERAL_CONVERSION = YES;
				CLANG_WARN_OBJC_ROOT_CLASS = YES_ERROR;
				CLANG_WARN_RANGE_LOOP_ANALYSIS = YES;
				CLANG_WARN_STRICT_PROTOTYPES = YES;
				CLANG_WARN_SUSPICIOUS_MOVE = YES;
				CLANG_WARN_UNGUARDED_AVAILABILITY = YES_AGGRESSIVE;
				CLANG_WARN_UNREACHABLE_CODE = YES;
				CLANG_WARN__DUPLICATE_METHOD_MATCH = YES;
				CODE_SIGN_IDENTITY = "iPhone Developer";
				COPY_PHASE_STRIP = NO;
				DEBUG_INFORMATION_FORMAT = "dwarf-with-dsym";
				ENABLE_NS_ASSERTIONS = NO;
				ENABLE_STRICT_OBJC_MSGSEND = YES;
				GCC_C_LANGUAGE_STANDARD = gnu11;
				GCC_NO_COMMON_BLOCKS = YES;
				GCC_WARN_64_TO_32_BIT_CONVERSION = YES;
				GCC_WARN_ABOUT_RETURN_TYPE = YES_ERROR;
				GCC_WARN_UNDECLARED_SELECTOR = YES;
				GCC_WARN_UNINITIALIZED_AUTOS = YES_AGGRESSIVE;
				GCC_WARN_UNUSED_FUNCTION = YES;
				GCC_WARN_UNUSED_VARIABLE = YES;
				IPHONEOS_DEPLOYMENT_TARGET = 12.2;
				MTL_ENABLE_DEBUG_INFO = NO;
				MTL_FAST_MATH = YES;
				SDKROOT = iphoneos;
				SWIFT_COMPILATION_MODE = wholemodule;
				SWIFT_OPTIMIZATION_LEVEL = "-O";
				VALIDATE_PRODUCT = YES;
			};
			name = Release;
		};
		6B78463822E0825400058B60 /* Debug */ = {
			isa = XCBuildConfiguration;
			buildSettings = {
				ASSETCATALOG_COMPILER_APPICON_NAME = AppIcon;
				CODE_SIGN_STYLE = Automatic;
				DEVELOPMENT_TEAM = M95J6R4W33;
				INFOPLIST_FILE = ViperModules/Info.plist;
				LD_RUNPATH_SEARCH_PATHS = (
					"$(inherited)",
					"@executable_path/Frameworks",
				);
				PRODUCT_BUNDLE_IDENTIFIER = np.com.aashishadhikari.ViperModules;
				PRODUCT_NAME = "$(TARGET_NAME)";
				SWIFT_VERSION = 5.0;
				TARGETED_DEVICE_FAMILY = "1,2";
			};
			name = Debug;
		};
		6B78463922E0825400058B60 /* Release */ = {
			isa = XCBuildConfiguration;
			buildSettings = {
				ASSETCATALOG_COMPILER_APPICON_NAME = AppIcon;
				CODE_SIGN_STYLE = Automatic;
				DEVELOPMENT_TEAM = M95J6R4W33;
				INFOPLIST_FILE = ViperModules/Info.plist;
				LD_RUNPATH_SEARCH_PATHS = (
					"$(inherited)",
					"@executable_path/Frameworks",
				);
				PRODUCT_BUNDLE_IDENTIFIER = np.com.aashishadhikari.ViperModules;
				PRODUCT_NAME = "$(TARGET_NAME)";
				SWIFT_VERSION = 5.0;
				TARGETED_DEVICE_FAMILY = "1,2";
			};
			name = Release;
		};
		6B78463B22E0825400058B60 /* Debug */ = {
			isa = XCBuildConfiguration;
			buildSettings = {
				ALWAYS_EMBED_SWIFT_STANDARD_LIBRARIES = YES;
				BUNDLE_LOADER = "$(TEST_HOST)";
				CODE_SIGN_STYLE = Automatic;
				DEVELOPMENT_TEAM = M95J6R4W33;
				INFOPLIST_FILE = ViperModulesTests/Info.plist;
				LD_RUNPATH_SEARCH_PATHS = (
					"$(inherited)",
					"@executable_path/Frameworks",
					"@loader_path/Frameworks",
				);
				PRODUCT_BUNDLE_IDENTIFIER = np.com.aashishadhikari.ViperModulesTests;
				PRODUCT_NAME = "$(TARGET_NAME)";
				SWIFT_VERSION = 5.0;
				TARGETED_DEVICE_FAMILY = "1,2";
				TEST_HOST = "$(BUILT_PRODUCTS_DIR)/ViperModules.app/ViperModules";
			};
			name = Debug;
		};
		6B78463C22E0825400058B60 /* Release */ = {
			isa = XCBuildConfiguration;
			buildSettings = {
				ALWAYS_EMBED_SWIFT_STANDARD_LIBRARIES = YES;
				BUNDLE_LOADER = "$(TEST_HOST)";
				CODE_SIGN_STYLE = Automatic;
				DEVELOPMENT_TEAM = M95J6R4W33;
				INFOPLIST_FILE = ViperModulesTests/Info.plist;
				LD_RUNPATH_SEARCH_PATHS = (
					"$(inherited)",
					"@executable_path/Frameworks",
					"@loader_path/Frameworks",
				);
				PRODUCT_BUNDLE_IDENTIFIER = np.com.aashishadhikari.ViperModulesTests;
				PRODUCT_NAME = "$(TARGET_NAME)";
				SWIFT_VERSION = 5.0;
				TARGETED_DEVICE_FAMILY = "1,2";
				TEST_HOST = "$(BUILT_PRODUCTS_DIR)/ViperModules.app/ViperModules";
			};
			name = Release;
		};
		6B78463E22E0825400058B60 /* Debug */ = {
			isa = XCBuildConfiguration;
			buildSettings = {
				ALWAYS_EMBED_SWIFT_STANDARD_LIBRARIES = YES;
				CODE_SIGN_STYLE = Automatic;
				DEVELOPMENT_TEAM = M95J6R4W33;
				INFOPLIST_FILE = ViperModulesUITests/Info.plist;
				LD_RUNPATH_SEARCH_PATHS = (
					"$(inherited)",
					"@executable_path/Frameworks",
					"@loader_path/Frameworks",
				);
				PRODUCT_BUNDLE_IDENTIFIER = np.com.aashishadhikari.ViperModulesUITests;
				PRODUCT_NAME = "$(TARGET_NAME)";
				SWIFT_VERSION = 5.0;
				TARGETED_DEVICE_FAMILY = "1,2";
				TEST_TARGET_NAME = ViperModules;
			};
			name = Debug;
		};
		6B78463F22E0825400058B60 /* Release */ = {
			isa = XCBuildConfiguration;
			buildSettings = {
				ALWAYS_EMBED_SWIFT_STANDARD_LIBRARIES = YES;
				CODE_SIGN_STYLE = Automatic;
				DEVELOPMENT_TEAM = M95J6R4W33;
				INFOPLIST_FILE = ViperModulesUITests/Info.plist;
				LD_RUNPATH_SEARCH_PATHS = (
					"$(inherited)",
					"@executable_path/Frameworks",
					"@loader_path/Frameworks",
				);
				PRODUCT_BUNDLE_IDENTIFIER = np.com.aashishadhikari.ViperModulesUITests;
				PRODUCT_NAME = "$(TARGET_NAME)";
				SWIFT_VERSION = 5.0;
				TARGETED_DEVICE_FAMILY = "1,2";
				TEST_TARGET_NAME = ViperModules;
			};
			name = Release;
		};
/* End XCBuildConfiguration section */

/* Begin XCConfigurationList section */
		6B78460722E0825300058B60 /* Build configuration list for PBXProject "ViperModules" */ = {
			isa = XCConfigurationList;
			buildConfigurations = (
				6B78463522E0825400058B60 /* Debug */,
				6B78463622E0825400058B60 /* Release */,
			);
			defaultConfigurationIsVisible = 0;
			defaultConfigurationName = Release;
		};
		6B78463722E0825400058B60 /* Build configuration list for PBXNativeTarget "ViperModules" */ = {
			isa = XCConfigurationList;
			buildConfigurations = (
				6B78463822E0825400058B60 /* Debug */,
				6B78463922E0825400058B60 /* Release */,
			);
			defaultConfigurationIsVisible = 0;
			defaultConfigurationName = Release;
		};
		6B78463A22E0825400058B60 /* Build configuration list for PBXNativeTarget "ViperModulesTests" */ = {
			isa = XCConfigurationList;
			buildConfigurations = (
				6B78463B22E0825400058B60 /* Debug */,
				6B78463C22E0825400058B60 /* Release */,
			);
			defaultConfigurationIsVisible = 0;
			defaultConfigurationName = Release;
		};
		6B78463D22E0825400058B60 /* Build configuration list for PBXNativeTarget "ViperModulesUITests" */ = {
			isa = XCConfigurationList;
			buildConfigurations = (
				6B78463E22E0825400058B60 /* Debug */,
				6B78463F22E0825400058B60 /* Release */,
			);
			defaultConfigurationIsVisible = 0;
			defaultConfigurationName = Release;
		};
/* End XCConfigurationList section */

/* Begin XCVersionGroup section */
		6B78461622E0825300058B60 /* ViperModules.xcdatamodeld */ = {
			isa = XCVersionGroup;
			children = (
				6B78461722E0825300058B60 /* ViperModules.xcdatamodel */,
			);
			currentVersion = 6B78461722E0825300058B60 /* ViperModules.xcdatamodel */;
			path = ViperModules.xcdatamodeld;
			sourceTree = "<group>";
			versionGroupType = wrapper.xcdatamodel;
		};
/* End XCVersionGroup section */
	};
	rootObject = 6B78460422E0825300058B60 /* Project object */;
}
